
Microsoft Visual Studio Solution File, Format Version 12.00
# Visual Studio Version 17
VisualStudioVersion = 17.14.36121.58 d17.14
MinimumVisualStudioVersion = 10.0.40219.1
Project("{FAE04EC0-301F-11D3-BF4B-00C04F79EFBC}") = "ProyectoIntegradorS5", "ProyectoIntegradorS5.csproj", "{119E4DA3-44E7-4D84-A31F-ABF43A45F1DF}"
EndProject
Global
	GlobalSection(SolutionConfigurationPlatforms) = preSolution
		Debug|Any CPU = Debug|Any CPU
		Release|Any CPU = Release|Any CPU
	EndGlobalSection
	GlobalSection(ProjectConfigurationPlatforms) = postSolution
		{119E4DA3-44E7-4D84-A31F-ABF43A45F1DF}.Debug|Any CPU.ActiveCfg = Debug|Any CPU
		{119E4DA3-44E7-4D84-A31F-ABF43A45F1DF}.Debug|Any CPU.Build.0 = Debug|Any CPU
		{119E4DA3-44E7-4D84-A31F-ABF43A45F1DF}.Release|Any CPU.ActiveCfg = Release|Any CPU
		{119E4DA3-44E7-4D84-A31F-ABF43A45F1DF}.Release|Any CPU.Build.0 = Release|Any CPU
	EndGlobalSection
	GlobalSection(SolutionProperties) = preSolution
		HideSolutionNode = FALSE
	EndGlobalSection
	GlobalSection(ExtensibilityGlobals) = postSolution
		SolutionGuid = {5F80C7CF-3FB8-49D0-A2C2-A3BD21FD570B}
	EndGlobalSection
EndGlobal
